
Microsoft Visual Studio Solution File, Format Version 12.00
# Visual Studio Version 16
VisualStudioVersion = 25.0.1706.10
MinimumVisualStudioVersion = 10.0.40219.1
Project("{FAE04EC0-301F-11D3-BF4B-00C04F79EFBC}") = "ULMS.Server", "Server\ULMS.Server.csproj", "{316F51CE-A9F2-4A0A-AD23-E5C498C64DFC}"
EndProject
Project("{FAE04EC0-301F-11D3-BF4B-00C04F79EFBC}") = "ULMS.Client", "Client\ULMS.Client.csproj", "{FFB0DB3C-C05E-4B7F-B6A0-7FC500DBD082}"
EndProject
Project("{FAE04EC0-301F-11D3-BF4B-00C04F79EFBC}") = "ULMS.Shared", "Shared\ULMS.Shared.csproj", "{56EF6573-7BD2-471B-BE1D-3837DD18D52B}"
EndProject
Global
	GlobalSection(SolutionConfigurationPlatforms) = preSolution
		Debug|Any CPU = Debug|Any CPU
		Release|Any CPU = Release|Any CPU
	EndGlobalSection
	GlobalSection(ProjectConfigurationPlatforms) = postSolution
		{316F51CE-A9F2-4A0A-AD23-E5C498C64DFC}.Debug|Any CPU.ActiveCfg = Debug|Any CPU
		{316F51CE-A9F2-4A0A-AD23-E5C498C64DFC}.Debug|Any CPU.Build.0 = Debug|Any CPU
		{316F51CE-A9F2-4A0A-AD23-E5C498C64DFC}.Release|Any CPU.ActiveCfg = Release|Any CPU
		{316F51CE-A9F2-4A0A-AD23-E5C498C64DFC}.Release|Any CPU.Build.0 = Release|Any CPU
		{FFB0DB3C-C05E-4B7F-B6A0-7FC500DBD082}.Debug|Any CPU.ActiveCfg = Debug|Any CPU
		{FFB0DB3C-C05E-4B7F-B6A0-7FC500DBD082}.Debug|Any CPU.Build.0 = Debug|Any CPU
		{FFB0DB3C-C05E-4B7F-B6A0-7FC500DBD082}.Release|Any CPU.ActiveCfg = Release|Any CPU
		{FFB0DB3C-C05E-4B7F-B6A0-7FC500DBD082}.Release|Any CPU.Build.0 = Release|Any CPU
		{56EF6573-7BD2-471B-BE1D-3837DD18D52B}.Debug|Any CPU.ActiveCfg = Debug|Any CPU
		{56EF6573-7BD2-471B-BE1D-3837DD18D52B}.Debug|Any CPU.Build.0 = Debug|Any CPU
		{56EF6573-7BD2-471B-BE1D-3837DD18D52B}.Release|Any CPU.ActiveCfg = Release|Any CPU
		{56EF6573-7BD2-471B-BE1D-3837DD18D52B}.Release|Any CPU.Build.0 = Release|Any CPU
	EndGlobalSection
	GlobalSection(SolutionProperties) = preSolution
		HideSolutionNode = FALSE
	EndGlobalSection
	GlobalSection(ExtensibilityGlobals) = postSolution
		SolutionGuid = {F75DEBE9-8810-47C6-AD77-4D6831994E82}
	EndGlobalSection
EndGlobal
